
Microsoft Visual Studio Solution File, Format Version 12.00
# Visual Studio Version 17
VisualStudioVersion = 17.8.34511.84
MinimumVisualStudioVersion = 10.0.40219.1
Project("{8BC9CEB8-8B4A-11D0-8D11-00A0C91BC942}") = "graphics_engine", "graphics_engine.vcxproj", "{33A3883E-80FA-43AC-9459-D552F50616EE}"
EndProject
Global
	GlobalSection(SolutionConfigurationPlatforms) = preSolution
		Debug|x64 = Debug|x64
		Debug|x86 = Debug|x86
		Release|x64 = Release|x64
		Release|x86 = Release|x86
	EndGlobalSection
	GlobalSection(ProjectConfigurationPlatforms) = postSolution
		{33A3883E-80FA-43AC-9459-D552F50616EE}.Debug|x64.ActiveCfg = Debug|x64
		{33A3883E-80FA-43AC-9459-D552F50616EE}.Debug|x64.Build.0 = Debug|x64
		{33A3883E-80FA-43AC-9459-D552F50616EE}.Debug|x86.ActiveCfg = Debug|Win32
		{33A3883E-80FA-43AC-9459-D552F50616EE}.Debug|x86.Build.0 = Debug|Win32
		{33A3883E-80FA-43AC-9459-D552F50616EE}.Release|x64.ActiveCfg = Release|x64
		{33A3883E-80FA-43AC-9459-D552F50616EE}.Release|x64.Build.0 = Release|x64
		{33A3883E-80FA-43AC-9459-D552F50616EE}.Release|x86.ActiveCfg = Release|Win32
		{33A3883E-80FA-43AC-9459-D552F50616EE}.Release|x86.Build.0 = Release|Win32
	EndGlobalSection
	GlobalSection(SolutionProperties) = preSolution
		HideSolutionNode = FALSE
	EndGlobalSection
	GlobalSection(ExtensibilityGlobals) = postSolution
		SolutionGuid = {2392E446-0F6B-438E-9B00-F055F9D0707B}
	EndGlobalSection
EndGlobal
